{
  "lockfileVersion": 1,
  "configVersion": 1,
  "workspaces": {
    "": {
      "name": "nfconsumer-template-bun",
      "dependencies": {
        "@bufbuild/protobuf": "^2.10.2",
        "@bufbuild/protoc-gen-es": "^2.10.2",
        "@logtape/logtape": "^1.3.5",
        "kafkajs": "^2.2.4",
        "kafkajs-snappy": "^1.1.0",
        "snappy": "^7.3.3",
      },
      "devDependencies": {
        "@types/bun": "latest",
      },
      "peerDependencies": {
        "typescript": "^5",
      },
    },
  },
  "packages": {
    "@bufbuild/protobuf": ["@bufbuild/protobuf@2.10.2", "", {}, "sha512-uFsRXwIGyu+r6AMdz+XijIIZJYpoWeYzILt5yZ2d3mCjQrWUTVpVD9WL/jZAbvp+Ed04rOhrsk7FiTcEDseB5A=="],

    "@bufbuild/protoc-gen-es": ["@bufbuild/protoc-gen-es@2.10.2", "", { "dependencies": { "@bufbuild/protobuf": "2.10.2", "@bufbuild/protoplugin": "2.10.2" }, "bin": { "protoc-gen-es": "bin/protoc-gen-es" } }, "sha512-vbjPsuofbtZwZXuOP7Y16CQsxrwCjuRONffmJSBEhoC7PQu/Cabp0+Fu/poLPm9CNM0tDCQA0xvgobgudaEYxQ=="],

    "@bufbuild/protoplugin": ["@bufbuild/protoplugin@2.10.2", "", { "dependencies": { "@bufbuild/protobuf": "2.10.2", "@typescript/vfs": "^1.6.2", "typescript": "5.4.5" } }, "sha512-RAWVs9tCzRqSS3tUtaFhOcauOAazCrm7tlGh0WHFq/44n5Fj6YgefdlZEPIaAK6VAA+FdOoFgtOJK2Ji5U24pw=="],

    "@emnapi/core": ["@emnapi/core@1.8.0", "", { "dependencies": { "@emnapi/wasi-threads": "1.1.0", "tslib": "^2.4.0" } }, "sha512-ryJnSmj4UhrGLZZPJ6PKVb4wNPAIkW6iyLy+0TRwazd3L1u0wzMe8RfqevAh2HbcSkoeLiSYnOVDOys4JSGYyg=="],

    "@emnapi/runtime": ["@emnapi/runtime@1.8.0", "", { "dependencies": { "tslib": "^2.4.0" } }, "sha512-Z82FDl1ByxqPEPrAYYeTQVlx2FSHPe1qwX465c+96IRS3fTdSYRoJcRxg3g2fEG5I69z1dSEWQlNRRr0/677mg=="],

    "@emnapi/wasi-threads": ["@emnapi/wasi-threads@1.1.0", "", { "dependencies": { "tslib": "^2.4.0" } }, "sha512-WI0DdZ8xFSbgMjR1sFsKABJ/C5OnRrjT06JXbZKexJGrDuPTzZdDYfFlsgcCXCyf+suG5QU2e/y1Wo2V/OapLQ=="],

    "@logtape/logtape": ["@logtape/logtape@1.3.5", "", {}, "sha512-G+MxWB7Tbv/2764519+Cp6rKXUdRbe/GiRwTvlm/Wv/sNsiquRnx9Hzr9eXaIpAYLT4PrBlkthjJ4gmqdSPrFg=="],

    "@napi-rs/snappy-android-arm-eabi": ["@napi-rs/snappy-android-arm-eabi@7.3.3", "", { "os": "android", "cpu": "arm" }, "sha512-d4vUFFzNBvazGfB/KU8MnEax6itTIgRWXodPdZDnWKHy9HwVBndpCiedQDcSNHcZNYV36rx034rpn7SAuTL2NA=="],

    "@napi-rs/snappy-android-arm64": ["@napi-rs/snappy-android-arm64@7.3.3", "", { "os": "android", "cpu": "arm64" }, "sha512-Uh+w18dhzjVl85MGhRnojb7OLlX2ErvMsYIunO/7l3Frvc2zQvfqsWsFJanu2dwqlE2YDooeNP84S+ywgN9sxg=="],

    "@napi-rs/snappy-darwin-arm64": ["@napi-rs/snappy-darwin-arm64@7.3.3", "", { "os": "darwin", "cpu": "arm64" }, "sha512-AmJn+6yOu/0V0YNHLKmRUNYkn93iv/1wtPayC7O1OHtfY6YqHQ31/MVeeRBiEYtQW9TwVZxXrDirxSB1PxRdtw=="],

    "@napi-rs/snappy-darwin-x64": ["@napi-rs/snappy-darwin-x64@7.3.3", "", { "os": "darwin", "cpu": "x64" }, "sha512-biLTXBmPjPmO7HIpv+5BaV9Gy/4+QJSUNJW8Pjx1UlWAVnocPy7um+zbvAWStZssTI5sfn/jOClrAegD4w09UA=="],

    "@napi-rs/snappy-freebsd-x64": ["@napi-rs/snappy-freebsd-x64@7.3.3", "", { "os": "freebsd", "cpu": "x64" }, "sha512-E3R3ewm8Mrjm0yL2TC3VgnphDsQaCPixNJqBbGiz3NTshVDhlPlOgPKF0NGYqKiKaDGdD9PKtUgOR4vagUtn7g=="],

    "@napi-rs/snappy-linux-arm-gnueabihf": ["@napi-rs/snappy-linux-arm-gnueabihf@7.3.3", "", { "os": "linux", "cpu": "arm" }, "sha512-ZuNgtmk9j0KyT7TfLyEnvZJxOhbkyNR761nk04F0Q4NTHMICP28wQj0xgEsnCHUsEeA9OXrRL4R7waiLn+rOQA=="],

    "@napi-rs/snappy-linux-arm64-gnu": ["@napi-rs/snappy-linux-arm64-gnu@7.3.3", "", { "os": "linux", "cpu": "arm64" }, "sha512-KIzwtq0dAzshzpqZWjg0Q9lUx93iZN7wCCUzCdLYIQ+mvJZKM10VCdn0RcuQze1R3UJTPwpPLXQIVskNMBYyPA=="],

    "@napi-rs/snappy-linux-arm64-musl": ["@napi-rs/snappy-linux-arm64-musl@7.3.3", "", { "os": "linux", "cpu": "arm64" }, "sha512-AAED4cQS74xPvktsyVmz5sy8vSxG/+3d7Rq2FDBZzj3Fv6v5vux6uZnECPCAqpALCdTtJ61unqpOyqO7hZCt1Q=="],

    "@napi-rs/snappy-linux-ppc64-gnu": ["@napi-rs/snappy-linux-ppc64-gnu@7.3.3", "", { "os": "linux", "cpu": "ppc64" }, "sha512-pofO5eSLg8ZTBwVae4WHHwJxJGZI8NEb4r5Mppvq12J/1/Hq1HecClXmfY3A7bdT2fsS2Td+Q7CI9VdBOj2sbA=="],

    "@napi-rs/snappy-linux-riscv64-gnu": ["@napi-rs/snappy-linux-riscv64-gnu@7.3.3", "", { "os": "linux", "cpu": "none" }, "sha512-OiHYdeuwj0TVBXADUmmQDQ4lL1TB+8EwmXnFgOutoDVXHaUl0CJFyXLa6tYUXe+gRY8hs1v7eb0vyE97LKY06Q=="],

    "@napi-rs/snappy-linux-s390x-gnu": ["@napi-rs/snappy-linux-s390x-gnu@7.3.3", "", { "os": "linux", "cpu": "s390x" }, "sha512-66QdmuV9CTq/S/xifZXlMy3PsZTviAgkqqpZ+7vPCmLtuP+nqhaeupShOFf/sIDsS0gZePazPosPTeTBbhkLHg=="],

    "@napi-rs/snappy-linux-x64-gnu": ["@napi-rs/snappy-linux-x64-gnu@7.3.3", "", { "os": "linux", "cpu": "x64" }, "sha512-g6KURjOxrgb8yXDEZMuIcHkUr/7TKlDwSiydEQtMtP3n4iI4sNjkcE/WNKlR3+t9bZh1pFGAq7NFRBtouQGHpQ=="],

    "@napi-rs/snappy-linux-x64-musl": ["@napi-rs/snappy-linux-x64-musl@7.3.3", "", { "os": "linux", "cpu": "x64" }, "sha512-6UvOyczHknpaKjrlKKSlX3rwpOrfJwiMG6qA0NRKJFgbcCAEUxmN9A8JvW4inP46DKdQ0bekdOxwRtAhFiTDfg=="],

    "@napi-rs/snappy-openharmony-arm64": ["@napi-rs/snappy-openharmony-arm64@7.3.3", "", { "os": "none", "cpu": "arm64" }, "sha512-I5mak/5rTprobf7wMCk0vFhClmWOL/QiIJM4XontysnadmP/R9hAcmuFmoMV2GaxC9MblqLA7Z++gy8ou5hJVw=="],

    "@napi-rs/snappy-wasm32-wasi": ["@napi-rs/snappy-wasm32-wasi@7.3.3", "", { "dependencies": { "@napi-rs/wasm-runtime": "^1.0.3" }, "cpu": "none" }, "sha512-+EroeygVYo9RksOchjF206frhMkfD2PaIun3yH4Zp5j/Y0oIEgs/+VhAYx/f+zHRylQYUIdLzDRclcoepvlR8Q=="],

    "@napi-rs/snappy-win32-arm64-msvc": ["@napi-rs/snappy-win32-arm64-msvc@7.3.3", "", { "os": "win32", "cpu": "arm64" }, "sha512-rxqfntBsCfzgOha/OlG8ld2hs6YSMGhpMUbFjeQLyVDbooY041fRXv3S7yk52DfO6H4QQhLT5+p7cW0mYdhyiQ=="],

    "@napi-rs/snappy-win32-ia32-msvc": ["@napi-rs/snappy-win32-ia32-msvc@7.3.3", "", { "os": "win32", "cpu": "ia32" }, "sha512-joRV16DsRtqjGt0CdSpxGCkO0UlHGeTZ/GqvdscoALpRKbikR2Top4C61dxEchmOd3lSYsXutuwWWGg3Nr++WA=="],

    "@napi-rs/snappy-win32-x64-msvc": ["@napi-rs/snappy-win32-x64-msvc@7.3.3", "", { "os": "win32", "cpu": "x64" }, "sha512-cEnQwcsdJyOU7HSZODWsHpKuQoSYM4jaqw/hn9pOXYbRN1+02WxYppD3fdMuKN6TOA6YG5KA5PHRNeVilNX86Q=="],

    "@napi-rs/wasm-runtime": ["@napi-rs/wasm-runtime@1.1.1", "", { "dependencies": { "@emnapi/core": "^1.7.1", "@emnapi/runtime": "^1.7.1", "@tybys/wasm-util": "^0.10.1" } }, "sha512-p64ah1M1ld8xjWv3qbvFwHiFVWrq1yFvV4f7w+mzaqiR4IlSgkqhcRdHwsGgomwzBH51sRY4NEowLxnaBjcW/A=="],

    "@tybys/wasm-util": ["@tybys/wasm-util@0.10.1", "", { "dependencies": { "tslib": "^2.4.0" } }, "sha512-9tTaPJLSiejZKx+Bmog4uSubteqTvFrVrURwkmHixBo0G4seD0zUxp98E1DzUBJxLQ3NPwXrGKDiVjwx/DpPsg=="],

    "@types/bun": ["@types/bun@1.3.5", "", { "dependencies": { "bun-types": "1.3.5" } }, "sha512-RnygCqNrd3srIPEWBd5LFeUYG7plCoH2Yw9WaZGyNmdTEei+gWaHqydbaIRkIkcbXwhBT94q78QljxN0Sk838w=="],

    "@types/node": ["@types/node@25.0.3", "", { "dependencies": { "undici-types": "~7.16.0" } }, "sha512-W609buLVRVmeW693xKfzHeIV6nJGGz98uCPfeXI1ELMLXVeKYZ9m15fAMSaUPBHYLGFsVRcMmSCksQOrZV9BYA=="],

    "@typescript/vfs": ["@typescript/vfs@1.6.2", "", { "dependencies": { "debug": "^4.1.1" }, "peerDependencies": { "typescript": "*" } }, "sha512-hoBwJwcbKHmvd2QVebiytN1aELvpk9B74B4L1mFm/XT1Q/VOYAWl2vQ9AWRFtQq8zmz6enTpfTV8WRc4ATjW/g=="],

    "bun-types": ["bun-types@1.3.5", "", { "dependencies": { "@types/node": "*" } }, "sha512-inmAYe2PFLs0SUbFOWSVD24sg1jFlMPxOjOSSCYqUgn4Hsc3rDc7dFvfVYjFPNHtov6kgUeulV4SxbuIV/stPw=="],

    "debug": ["debug@4.4.3", "", { "dependencies": { "ms": "^2.1.3" } }, "sha512-RGwwWnwQvkVfavKVt22FGLw+xYSdzARwm0ru6DhTVA3umU5hZc28V3kO4stgYryrTlLpuvgI9GiijltAjNbcqA=="],

    "kafkajs": ["kafkajs@2.2.4", "", {}, "sha512-j/YeapB1vfPT2iOIUn/vxdyKEuhuY2PxMBvf5JWux6iSaukAccrMtXEY/Lb7OvavDhOWME589bpLrEdnVHjfjA=="],

    "kafkajs-snappy": ["kafkajs-snappy@1.1.0", "", { "dependencies": { "snappyjs": "^0.6.0" } }, "sha512-M4h2WhlxhXmR64z8nwzfGa1Dhhz78vykRfySRL8tuYQ8e6JSOuclbF2FJ8jeMJP3EZWw3uhjvwHlz7Ucu3UdWA=="],

    "ms": ["ms@2.1.3", "", {}, "sha512-6FlzubTLZG3J2a/NVCAleEhjzq5oxgHyaCU9yYXvcLsvoVaHJq/s5xXI6/XXP6tz7R9xAOtHnSO/tXtF3WRTlA=="],

    "snappy": ["snappy@7.3.3", "", { "optionalDependencies": { "@napi-rs/snappy-android-arm-eabi": "7.3.3", "@napi-rs/snappy-android-arm64": "7.3.3", "@napi-rs/snappy-darwin-arm64": "7.3.3", "@napi-rs/snappy-darwin-x64": "7.3.3", "@napi-rs/snappy-freebsd-x64": "7.3.3", "@napi-rs/snappy-linux-arm-gnueabihf": "7.3.3", "@napi-rs/snappy-linux-arm64-gnu": "7.3.3", "@napi-rs/snappy-linux-arm64-musl": "7.3.3", "@napi-rs/snappy-linux-ppc64-gnu": "7.3.3", "@napi-rs/snappy-linux-riscv64-gnu": "7.3.3", "@napi-rs/snappy-linux-s390x-gnu": "7.3.3", "@napi-rs/snappy-linux-x64-gnu": "7.3.3", "@napi-rs/snappy-linux-x64-musl": "7.3.3", "@napi-rs/snappy-openharmony-arm64": "7.3.3", "@napi-rs/snappy-wasm32-wasi": "7.3.3", "@napi-rs/snappy-win32-arm64-msvc": "7.3.3", "@napi-rs/snappy-win32-ia32-msvc": "7.3.3", "@napi-rs/snappy-win32-x64-msvc": "7.3.3" } }, "sha512-UDJVCunvgblRpfTOjo/uT7pQzfrTsSICJ4yVS4aq7SsGBaUSpJwaVP15nF//jqinSLpN7boe/BqbUmtWMTQ5MQ=="],

    "snappyjs": ["snappyjs@0.6.1", "", {}, "sha512-YIK6I2lsH072UE0aOFxxY1dPDCS43I5ktqHpeAsuLNYWkE5pGxRGWfDM4/vSUfNzXjC1Ivzt3qx31PCLmc9yqg=="],

    "tslib": ["tslib@2.8.1", "", {}, "sha512-oJFu94HQb+KVduSUQL7wnpmqnfmLsOA/nAh6b6EH0wCEoK0/mPeXU6c3wKDV83MkOuHPRHtSXKKU99IBazS/2w=="],

    "typescript": ["typescript@5.9.3", "", { "bin": { "tsc": "bin/tsc", "tsserver": "bin/tsserver" } }, "sha512-jl1vZzPDinLr9eUt3J/t7V6FgNEw9QjvBPdysz9KfQDD41fQrC2Y4vKQdiaUpFT4bXlb1RHhLpp8wtm6M5TgSw=="],

    "undici-types": ["undici-types@7.16.0", "", {}, "sha512-Zz+aZWSj8LE6zoxD+xrjh4VfkIG8Ya6LvYkZqtUQGJPZjYl53ypCaUwWqo7eI0x66KBGeRo+mlBEkMSeSZ38Nw=="],

    "@bufbuild/protoplugin/typescript": ["typescript@5.4.5", "", { "bin": { "tsc": "bin/tsc", "tsserver": "bin/tsserver" } }, "sha512-vcI4UpRgg81oIRUFwR0WSIHKt11nJ7SAVlYNIu+QpqeyXP+gpQJy/Z4+F0aGxSE4MqwjyXvW/TzgkLAx2AGHwQ=="],
  }
}
